// !$*UTF8*$!
{
	archiveVersion = 1;
	classes = {
	};
	objectVersion = 56;
	objects = {

/* Begin PBXBuildFile section */
		02E096072927FD8C00FE7E29 /* AppDelegate.swift in Sources */ = {isa = PBXBuildFile; fileRef = 02E096062927FD8C00FE7E29 /* AppDelegate.swift */; };
		02E096092927FD8C00FE7E29 /* SceneDelegate.swift in Sources */ = {isa = PBXBuildFile; fileRef = 02E096082927FD8C00FE7E29 /* SceneDelegate.swift */; };
		02E0960B2927FD8C00FE7E29 /* ViewController.swift in Sources */ = {isa = PBXBuildFile; fileRef = 02E0960A2927FD8C00FE7E29 /* ViewController.swift */; };
		02E0960E2927FD8C00FE7E29 /* Main.storyboard in Resources */ = {isa = PBXBuildFile; fileRef = 02E0960C2927FD8C00FE7E29 /* Main.storyboard */; };
		02E096102927FD8E00FE7E29 /* Assets.xcassets in Resources */ = {isa = PBXBuildFile; fileRef = 02E0960F2927FD8E00FE7E29 /* Assets.xcassets */; };
		02E096132927FD8E00FE7E29 /* LaunchScreen.storyboard in Resources */ = {isa = PBXBuildFile; fileRef = 02E096112927FD8E00FE7E29 /* LaunchScreen.storyboard */; };
		02E096202927FE1400FE7E29 /* PokemonDetailVC.swift in Sources */ = {isa = PBXBuildFile; fileRef = 02E0961F2927FE1400FE7E29 /* PokemonDetailVC.swift */; };
		02E096222927FE2B00FE7E29 /* NetworkController.swift in Sources */ = {isa = PBXBuildFile; fileRef = 02E096212927FE2B00FE7E29 /* NetworkController.swift */; };
		02E096242927FE5000FE7E29 /* PokemonTableViewCell.swift in Sources */ = {isa = PBXBuildFile; fileRef = 02E096232927FE5000FE7E29 /* PokemonTableViewCell.swift */; };
		02E096262927FEAB00FE7E29 /* Pokemon.swift in Sources */ = {isa = PBXBuildFile; fileRef = 02E096252927FEAB00FE7E29 /* Pokemon.swift */; };
		02E0962829283A3B00FE7E29 /* UIView++.swift in Sources */ = {isa = PBXBuildFile; fileRef = 02E0962729283A3B00FE7E29 /* UIView++.swift */; };
		02E0962A292861B300FE7E29 /* ImageCache.swift in Sources */ = {isa = PBXBuildFile; fileRef = 02E09629292861B300FE7E29 /* ImageCache.swift */; };
		02E9450B292ACF5900B83571 /* NetworkError.swift in Sources */ = {isa = PBXBuildFile; fileRef = 02E9450A292ACF5900B83571 /* NetworkError.swift */; };
		02E9450F292C0E4F00B83571 /* NetworkConstants.swift in Sources */ = {isa = PBXBuildFile; fileRef = 02E9450E292C0E4F00B83571 /* NetworkConstants.swift */; };
/* End PBXBuildFile section */

/* Begin PBXFileReference section */
		02E096032927FD8C00FE7E29 /* Pokedex11.15.22.app */ = {isa = PBXFileReference; explicitFileType = wrapper.application; includeInIndex = 0; path = Pokedex11.15.22.app; sourceTree = BUILT_PRODUCTS_DIR; };
		02E096062927FD8C00FE7E29 /* AppDelegate.swift */ = {isa = PBXFileReference; lastKnownFileType = sourcecode.swift; path = AppDelegate.swift; sourceTree = "<group>"; };
		02E096082927FD8C00FE7E29 /* SceneDelegate.swift */ = {isa = PBXFileReference; lastKnownFileType = sourcecode.swift; path = SceneDelegate.swift; sourceTree = "<group>"; };
		02E0960A2927FD8C00FE7E29 /* ViewController.swift */ = {isa = PBXFileReference; lastKnownFileType = sourcecode.swift; path = ViewController.swift; sourceTree = "<group>"; };
		02E0960D2927FD8C00FE7E29 /* Base */ = {isa = PBXFileReference; lastKnownFileType = file.storyboard; name = Base; path = Base.lproj/Main.storyboard; sourceTree = "<group>"; };
		02E0960F2927FD8E00FE7E29 /* Assets.xcassets */ = {isa = PBXFileReference; lastKnownFileType = folder.assetcatalog; path = Assets.xcassets; sourceTree = "<group>"; };
		02E096122927FD8E00FE7E29 /* Base */ = {isa = PBXFileReference; lastKnownFileType = file.storyboard; name = Base; path = Base.lproj/LaunchScreen.storyboard; sourceTree = "<group>"; };
		02E096142927FD8E00FE7E29 /* Info.plist */ = {isa = PBXFileReference; lastKnownFileType = text.plist.xml; path = Info.plist; sourceTree = "<group>"; };
		02E0961F2927FE1400FE7E29 /* PokemonDetailVC.swift */ = {isa = PBXFileReference; lastKnownFileType = sourcecode.swift; path = PokemonDetailVC.swift; sourceTree = "<group>"; };
		02E096212927FE2B00FE7E29 /* NetworkController.swift */ = {isa = PBXFileReference; lastKnownFileType = sourcecode.swift; path = NetworkController.swift; sourceTree = "<group>"; };
		02E096232927FE5000FE7E29 /* PokemonTableViewCell.swift */ = {isa = PBXFileReference; lastKnownFileType = sourcecode.swift; path = PokemonTableViewCell.swift; sourceTree = "<group>"; };
		02E096252927FEAB00FE7E29 /* Pokemon.swift */ = {isa = PBXFileReference; lastKnownFileType = sourcecode.swift; path = Pokemon.swift; sourceTree = "<group>"; };
		02E0962729283A3B00FE7E29 /* UIView++.swift */ = {isa = PBXFileReference; lastKnownFileType = sourcecode.swift; path = "UIView++.swift"; sourceTree = "<group>"; };
		02E09629292861B300FE7E29 /* ImageCache.swift */ = {isa = PBXFileReference; lastKnownFileType = sourcecode.swift; path = ImageCache.swift; sourceTree = "<group>"; };
		02E9450A292ACF5900B83571 /* NetworkError.swift */ = {isa = PBXFileReference; lastKnownFileType = sourcecode.swift; path = NetworkError.swift; sourceTree = "<group>"; };
		02E9450E292C0E4F00B83571 /* NetworkConstants.swift */ = {isa = PBXFileReference; lastKnownFileType = sourcecode.swift; path = NetworkConstants.swift; sourceTree = "<group>"; };
/* End PBXFileReference section */

/* Begin PBXFrameworksBuildPhase section */
		02E096002927FD8C00FE7E29 /* Frameworks */ = {
			isa = PBXFrameworksBuildPhase;
			buildActionMask = 2147483647;
			files = (
			);
			runOnlyForDeploymentPostprocessing = 0;
		};
/* End PBXFrameworksBuildPhase section */

/* Begin PBXGroup section */
		02E095FA2927FD8C00FE7E29 = {
			isa = PBXGroup;
			children = (
				02E096052927FD8C00FE7E29 /* Pokedex11.15.22 */,
				02E096042927FD8C00FE7E29 /* Products */,
			);
			sourceTree = "<group>";
		};
		02E096042927FD8C00FE7E29 /* Products */ = {
			isa = PBXGroup;
			children = (
				02E096032927FD8C00FE7E29 /* Pokedex11.15.22.app */,
			);
			name = Products;
			sourceTree = "<group>";
		};
		02E096052927FD8C00FE7E29 /* Pokedex11.15.22 */ = {
			isa = PBXGroup;
			children = (
				02E0961E2927FDE000FE7E29 /* Helper */,
				02E0961D2927FDBE00FE7E29 /* Network */,
				02E0961C2927FDBA00FE7E29 /* Controller */,
				02E0961B2927FDB600FE7E29 /* View */,
				02E0961A2927FDB000FE7E29 /* Model */,
				02E096062927FD8C00FE7E29 /* AppDelegate.swift */,
				02E096082927FD8C00FE7E29 /* SceneDelegate.swift */,
				02E0960C2927FD8C00FE7E29 /* Main.storyboard */,
				02E0960F2927FD8E00FE7E29 /* Assets.xcassets */,
				02E096112927FD8E00FE7E29 /* LaunchScreen.storyboard */,
				02E096142927FD8E00FE7E29 /* Info.plist */,
			);
			path = Pokedex11.15.22;
			sourceTree = "<group>";
		};
		02E0961A2927FDB000FE7E29 /* Model */ = {
			isa = PBXGroup;
			children = (
				02E096252927FEAB00FE7E29 /* Pokemon.swift */,
			);
			path = Model;
			sourceTree = "<group>";
		};
		02E0961B2927FDB600FE7E29 /* View */ = {
			isa = PBXGroup;
			children = (
				02E096232927FE5000FE7E29 /* PokemonTableViewCell.swift */,
			);
			path = View;
			sourceTree = "<group>";
		};
		02E0961C2927FDBA00FE7E29 /* Controller */ = {
			isa = PBXGroup;
			children = (
				02E0960A2927FD8C00FE7E29 /* ViewController.swift */,
				02E0961F2927FE1400FE7E29 /* PokemonDetailVC.swift */,
			);
			path = Controller;
			sourceTree = "<group>";
		};
		02E0961D2927FDBE00FE7E29 /* Network */ = {
			isa = PBXGroup;
			children = (
				02E096212927FE2B00FE7E29 /* NetworkController.swift */,
				02E09629292861B300FE7E29 /* ImageCache.swift */,
				02E9450A292ACF5900B83571 /* NetworkError.swift */,
				02E9450E292C0E4F00B83571 /* NetworkConstants.swift */,
			);
			path = Network;
			sourceTree = "<group>";
		};
		02E0961E2927FDE000FE7E29 /* Helper */ = {
			isa = PBXGroup;
			children = (
				02E0962729283A3B00FE7E29 /* UIView++.swift */,
			);
			path = Helper;
			sourceTree = "<group>";
		};
/* End PBXGroup section */

/* Begin PBXNativeTarget section */
		02E096022927FD8C00FE7E29 /* Pokedex11.15.22 */ = {
			isa = PBXNativeTarget;
			buildConfigurationList = 02E096172927FD8E00FE7E29 /* Build configuration list for PBXNativeTarget "Pokedex11.15.22" */;
			buildPhases = (
				02E095FF2927FD8C00FE7E29 /* Sources */,
				02E096002927FD8C00FE7E29 /* Frameworks */,
				02E096012927FD8C00FE7E29 /* Resources */,
			);
			buildRules = (
			);
			dependencies = (
			);
			name = Pokedex11.15.22;
			productName = Pokedex11.15.22;
			productReference = 02E096032927FD8C00FE7E29 /* Pokedex11.15.22.app */;
			productType = "com.apple.product-type.application";
		};
/* End PBXNativeTarget section */

/* Begin PBXProject section */
		02E095FB2927FD8C00FE7E29 /* Project object */ = {
			isa = PBXProject;
			attributes = {
				BuildIndependentTargetsInParallel = 1;
				LastSwiftUpdateCheck = 1400;
				LastUpgradeCheck = 1400;
				TargetAttributes = {
					02E096022927FD8C00FE7E29 = {
						CreatedOnToolsVersion = 14.0.1;
					};
				};
			};
			buildConfigurationList = 02E095FE2927FD8C00FE7E29 /* Build configuration list for PBXProject "Pokedex11.15.22" */;
			compatibilityVersion = "Xcode 14.0";
			developmentRegion = en;
			hasScannedForEncodings = 0;
			knownRegions = (
				en,
				Base,
			);
			mainGroup = 02E095FA2927FD8C00FE7E29;
			productRefGroup = 02E096042927FD8C00FE7E29 /* Products */;
			projectDirPath = "";
			projectRoot = "";
			targets = (
				02E096022927FD8C00FE7E29 /* Pokedex11.15.22 */,
			);
		};
/* End PBXProject section */

/* Begin PBXResourcesBuildPhase section */
		02E096012927FD8C00FE7E29 /* Resources */ = {
			isa = PBXResourcesBuildPhase;
			buildActionMask = 2147483647;
			files = (
				02E096132927FD8E00FE7E29 /* LaunchScreen.storyboard in Resources */,
				02E096102927FD8E00FE7E29 /* Assets.xcassets in Resources */,
				02E0960E2927FD8C00FE7E29 /* Main.storyboard in Resources */,
			);
			runOnlyForDeploymentPostprocessing = 0;
		};
/* End PBXResourcesBuildPhase section */

/* Begin PBXSourcesBuildPhase section */
		02E095FF2927FD8C00FE7E29 /* Sources */ = {
			isa = PBXSourcesBuildPhase;
			buildActionMask = 2147483647;
			files = (
				02E0962829283A3B00FE7E29 /* UIView++.swift in Sources */,
				02E096262927FEAB00FE7E29 /* Pokemon.swift in Sources */,
				02E9450F292C0E4F00B83571 /* NetworkConstants.swift in Sources */,
				02E096222927FE2B00FE7E29 /* NetworkController.swift in Sources */,
				02E0962A292861B300FE7E29 /* ImageCache.swift in Sources */,
				02E0960B2927FD8C00FE7E29 /* ViewController.swift in Sources */,
				02E096202927FE1400FE7E29 /* PokemonDetailVC.swift in Sources */,
				02E096242927FE5000FE7E29 /* PokemonTableViewCell.swift in Sources */,
				02E096072927FD8C00FE7E29 /* AppDelegate.swift in Sources */,
				02E096092927FD8C00FE7E29 /* SceneDelegate.swift in Sources */,
				02E9450B292ACF5900B83571 /* NetworkError.swift in Sources */,
			);
			runOnlyForDeploymentPostprocessing = 0;
		};
/* End PBXSourcesBuildPhase section */

/* Begin PBXVariantGroup section */
		02E0960C2927FD8C00FE7E29 /* Main.storyboard */ = {
			isa = PBXVariantGroup;
			children = (
				02E0960D2927FD8C00FE7E29 /* Base */,
			);
			name = Main.storyboard;
			sourceTree = "<group>";
		};
		02E096112927FD8E00FE7E29 /* LaunchScreen.storyboard */ = {
			isa = PBXVariantGroup;
			children = (
				02E096122927FD8E00FE7E29 /* Base */,
			);
			name = LaunchScreen.storyboard;
			sourceTree = "<group>";
		};
/* End PBXVariantGroup section */

/* Begin XCBuildConfiguration section */
		02E096152927FD8E00FE7E29 /* Debug */ = {
			isa = XCBuildConfiguration;
			buildSettings = {
				ALWAYS_SEARCH_USER_PATHS = NO;
				CLANG_ANALYZER_NONNULL = YES;
				CLANG_ANALYZER_NUMBER_OBJECT_CONVERSION = YES_AGGRESSIVE;
				CLANG_CXX_LANGUAGE_STANDARD = "gnu++20";
				CLANG_ENABLE_MODULES = YES;
				CLANG_ENABLE_OBJC_ARC = YES;
				CLANG_ENABLE_OBJC_WEAK = YES;
				CLANG_WARN_BLOCK_CAPTURE_AUTORELEASING = YES;
				CLANG_WARN_BOOL_CONVERSION = YES;
				CLANG_WARN_COMMA = YES;
				CLANG_WARN_CONSTANT_CONVERSION = YES;
				CLANG_WARN_DEPRECATED_OBJC_IMPLEMENTATIONS = YES;
				CLANG_WARN_DIRECT_OBJC_ISA_USAGE = YES_ERROR;
				CLANG_WARN_DOCUMENTATION_COMMENTS = YES;
				CLANG_WARN_EMPTY_BODY = YES;
				CLANG_WARN_ENUM_CONVERSION = YES;
				CLANG_WARN_INFINITE_RECURSION = YES;
				CLANG_WARN_INT_CONVERSION = YES;
				CLANG_WARN_NON_LITERAL_NULL_CONVERSION = YES;
				CLANG_WARN_OBJC_IMPLICIT_RETAIN_SELF = YES;
				CLANG_WARN_OBJC_LITERAL_CONVERSION = YES;
				CLANG_WARN_OBJC_ROOT_CLASS = YES_ERROR;
				CLANG_WARN_QUOTED_INCLUDE_IN_FRAMEWORK_HEADER = YES;
				CLANG_WARN_RANGE_LOOP_ANALYSIS = YES;
				CLANG_WARN_STRICT_PROTOTYPES = YES;
				CLANG_WARN_SUSPICIOUS_MOVE = YES;
				CLANG_WARN_UNGUARDED_AVAILABILITY = YES_AGGRESSIVE;
				CLANG_WARN_UNREACHABLE_CODE = YES;
				CLANG_WARN__DUPLICATE_METHOD_MATCH = YES;
				COPY_PHASE_STRIP = NO;
				DEBUG_INFORMATION_FORMAT = dwarf;
				ENABLE_STRICT_OBJC_MSGSEND = YES;
				ENABLE_TESTABILITY = YES;
				GCC_C_LANGUAGE_STANDARD = gnu11;
				GCC_DYNAMIC_NO_PIC = NO;
				GCC_NO_COMMON_BLOCKS = YES;
				GCC_OPTIMIZATION_LEVEL = 0;
				GCC_PREPROCESSOR_DEFINITIONS = (
					"DEBUG=1",
					"$(inherited)",
				);
				GCC_WARN_64_TO_32_BIT_CONVERSION = YES;
				GCC_WARN_ABOUT_RETURN_TYPE = YES_ERROR;
				GCC_WARN_UNDECLARED_SELECTOR = YES;
				GCC_WARN_UNINITIALIZED_AUTOS = YES_AGGRESSIVE;
				GCC_WARN_UNUSED_FUNCTION = YES;
				GCC_WARN_UNUSED_VARIABLE = YES;
				IPHONEOS_DEPLOYMENT_TARGET = 16.0;
				MTL_ENABLE_DEBUG_INFO = INCLUDE_SOURCE;
				MTL_FAST_MATH = YES;
				ONLY_ACTIVE_ARCH = YES;
				SDKROOT = iphoneos;
				SWIFT_ACTIVE_COMPILATION_CONDITIONS = DEBUG;
				SWIFT_OPTIMIZATION_LEVEL = "-Onone";
			};
			name = Debug;
		};
		02E096162927FD8E00FE7E29 /* Release */ = {
			isa = XCBuildConfiguration;
			buildSettings = {
				ALWAYS_SEARCH_USER_PATHS = NO;
				CLANG_ANALYZER_NONNULL = YES;
				CLANG_ANALYZER_NUMBER_OBJECT_CONVERSION = YES_AGGRESSIVE;
				CLANG_CXX_LANGUAGE_STANDARD = "gnu++20";
				CLANG_ENABLE_MODULES = YES;
				CLANG_ENABLE_OBJC_ARC = YES;
				CLANG_ENABLE_OBJC_WEAK = YES;
				CLANG_WARN_BLOCK_CAPTURE_AUTORELEASING = YES;
				CLANG_WARN_BOOL_CONVERSION = YES;
				CLANG_WARN_COMMA = YES;
				CLANG_WARN_CONSTANT_CONVERSION = YES;
				CLANG_WARN_DEPRECATED_OBJC_IMPLEMENTATIONS = YES;
				CLANG_WARN_DIRECT_OBJC_ISA_USAGE = YES_ERROR;
				CLANG_WARN_DOCUMENTATION_COMMENTS = YES;
				CLANG_WARN_EMPTY_BODY = YES;
				CLANG_WARN_ENUM_CONVERSION = YES;
				CLANG_WARN_INFINITE_RECURSION = YES;
				CLANG_WARN_INT_CONVERSION = YES;
				CLANG_WARN_NON_LITERAL_NULL_CONVERSION = YES;
				CLANG_WARN_OBJC_IMPLICIT_RETAIN_SELF = YES;
				CLANG_WARN_OBJC_LITERAL_CONVERSION = YES;
				CLANG_WARN_OBJC_ROOT_CLASS = YES_ERROR;
				CLANG_WARN_QUOTED_INCLUDE_IN_FRAMEWORK_HEADER = YES;
				CLANG_WARN_RANGE_LOOP_ANALYSIS = YES;
				CLANG_WARN_STRICT_PROTOTYPES = YES;
				CLANG_WARN_SUSPICIOUS_MOVE = YES;
				CLANG_WARN_UNGUARDED_AVAILABILITY = YES_AGGRESSIVE;
				CLANG_WARN_UNREACHABLE_CODE = YES;
				CLANG_WARN__DUPLICATE_METHOD_MATCH = YES;
				COPY_PHASE_STRIP = NO;
				DEBUG_INFORMATION_FORMAT = "dwarf-with-dsym";
				ENABLE_NS_ASSERTIONS = NO;
				ENABLE_STRICT_OBJC_MSGSEND = YES;
				GCC_C_LANGUAGE_STANDARD = gnu11;
				GCC_NO_COMMON_BLOCKS = YES;
				GCC_WARN_64_TO_32_BIT_CONVERSION = YES;
				GCC_WARN_ABOUT_RETURN_TYPE = YES_ERROR;
				GCC_WARN_UNDECLARED_SELECTOR = YES;
				GCC_WARN_UNINITIALIZED_AUTOS = YES_AGGRESSIVE;
				GCC_WARN_UNUSED_FUNCTION = YES;
				GCC_WARN_UNUSED_VARIABLE = YES;
				IPHONEOS_DEPLOYMENT_TARGET = 16.0;
				MTL_ENABLE_DEBUG_INFO = NO;
				MTL_FAST_MATH = YES;
				SDKROOT = iphoneos;
				SWIFT_COMPILATION_MODE = wholemodule;
				SWIFT_OPTIMIZATION_LEVEL = "-O";
				VALIDATE_PRODUCT = YES;
			};
			name = Release;
		};
		02E096182927FD8E00FE7E29 /* Debug */ = {
			isa = XCBuildConfiguration;
			buildSettings = {
				ASSETCATALOG_COMPILER_APPICON_NAME = AppIcon;
				ASSETCATALOG_COMPILER_GLOBAL_ACCENT_COLOR_NAME = AccentColor;
				CODE_SIGN_STYLE = Automatic;
				CURRENT_PROJECT_VERSION = 1;
				GENERATE_INFOPLIST_FILE = YES;
				INFOPLIST_FILE = Pokedex11.15.22/Info.plist;
				INFOPLIST_KEY_UIApplicationSupportsIndirectInputEvents = YES;
				INFOPLIST_KEY_UILaunchStoryboardName = LaunchScreen;
				INFOPLIST_KEY_UIMainStoryboardFile = Main;
				INFOPLIST_KEY_UISupportedInterfaceOrientations_iPad = "UIInterfaceOrientationPortrait UIInterfaceOrientationPortraitUpsideDown UIInterfaceOrientationLandscapeLeft UIInterfaceOrientationLandscapeRight";
				INFOPLIST_KEY_UISupportedInterfaceOrientations_iPhone = "UIInterfaceOrientationPortrait UIInterfaceOrientationLandscapeLeft UIInterfaceOrientationLandscapeRight";
				LD_RUNPATH_SEARCH_PATHS = (
					"$(inherited)",
					"@executable_path/Frameworks",
				);
				MARKETING_VERSION = 1.0;
				PRODUCT_BUNDLE_IDENTIFIER = "enhanceIT.Pokedex11-15-22";
				PRODUCT_NAME = "$(TARGET_NAME)";
				SWIFT_EMIT_LOC_STRINGS = YES;
				SWIFT_VERSION = 5.0;
				TARGETED_DEVICE_FAMILY = "1,2";
			};
			name = Debug;
		};
		02E096192927FD8E00FE7E29 /* Release */ = {
			isa = XCBuildConfiguration;
			buildSettings = {
				ASSETCATALOG_COMPILER_APPICON_NAME = AppIcon;
				ASSETCATALOG_COMPILER_GLOBAL_ACCENT_COLOR_NAME = AccentColor;
				CODE_SIGN_STYLE = Automatic;
				CURRENT_PROJECT_VERSION = 1;
				GENERATE_INFOPLIST_FILE = YES;
				INFOPLIST_FILE = Pokedex11.15.22/Info.plist;
				INFOPLIST_KEY_UIApplicationSupportsIndirectInputEvents = YES;
				INFOPLIST_KEY_UILaunchStoryboardName = LaunchScreen;
				INFOPLIST_KEY_UIMainStoryboardFile = Main;
				INFOPLIST_KEY_UISupportedInterfaceOrientations_iPad = "UIInterfaceOrientationPortrait UIInterfaceOrientationPortraitUpsideDown UIInterfaceOrientationLandscapeLeft UIInterfaceOrientationLandscapeRight";
				INFOPLIST_KEY_UISupportedInterfaceOrientations_iPhone = "UIInterfaceOrientationPortrait UIInterfaceOrientationLandscapeLeft UIInterfaceOrientationLandscapeRight";
				LD_RUNPATH_SEARCH_PATHS = (
					"$(inherited)",
					"@executable_path/Frameworks",
				);
				MARKETING_VERSION = 1.0;
				PRODUCT_BUNDLE_IDENTIFIER = "enhanceIT.Pokedex11-15-22";
				PRODUCT_NAME = "$(TARGET_NAME)";
				SWIFT_EMIT_LOC_STRINGS = YES;
				SWIFT_VERSION = 5.0;
				TARGETED_DEVICE_FAMILY = "1,2";
			};
			name = Release;
		};
/* End XCBuildConfiguration section */

/* Begin XCConfigurationList section */
		02E095FE2927FD8C00FE7E29 /* Build configuration list for PBXProject "Pokedex11.15.22" */ = {
			isa = XCConfigurationList;
			buildConfigurations = (
				02E096152927FD8E00FE7E29 /* Debug */,
				02E096162927FD8E00FE7E29 /* Release */,
			);
			defaultConfigurationIsVisible = 0;
			defaultConfigurationName = Release;
		};
		02E096172927FD8E00FE7E29 /* Build configuration list for PBXNativeTarget "Pokedex11.15.22" */ = {
			isa = XCConfigurationList;
			buildConfigurations = (
				02E096182927FD8E00FE7E29 /* Debug */,
				02E096192927FD8E00FE7E29 /* Release */,
			);
			defaultConfigurationIsVisible = 0;
			defaultConfigurationName = Release;
		};
/* End XCConfigurationList section */
	};
	rootObject = 02E095FB2927FD8C00FE7E29 /* Project object */;
}
